
Microsoft Visual Studio Solution File, Format Version 12.00
# Visual Studio 2012
Project("{FAE04EC0-301F-11D3-BF4B-00C04F79EFBC}") = "UserService.Api", "UserService.Api\UserService.Api.csproj", "{8AD770B0-AEAC-4602-ADB7-B5421F8E3888}"
EndProject
Project("{FAE04EC0-301F-11D3-BF4B-00C04F79EFBC}") = "UserService.DomainModel", "UserService.DomainModel\UserService.DomainModel.csproj", "{C14F0D16-7086-47C3-A533-2D38F859835F}"
EndProject
Project("{FAE04EC0-301F-11D3-BF4B-00C04F79EFBC}") = "UserService.DomainModel.Tests", "UserService.DomainModel.Tests\UserService.DomainModel.Tests.csproj", "{5F8F0A7F-CE00-419D-932B-FE4099F3659D}"
EndProject
Project("{FAE04EC0-301F-11D3-BF4B-00C04F79EFBC}") = "UserService.Infrastructure", "EventSourcedUserService.Infrastructure\UserService.Infrastructure.csproj", "{0AC97F6C-0048-4F5B-8A97-AD834920C349}"
EndProject
Project("{FAE04EC0-301F-11D3-BF4B-00C04F79EFBC}") = "PushSubscriber", "PushSubscriber\PushSubscriber.csproj", "{8FC5F15C-359E-46D6-B378-D37E469400C9}"
EndProject
Project("{FAE04EC0-301F-11D3-BF4B-00C04F79EFBC}") = "PubSubTester", "PubSubTester\PubSubTester.csproj", "{D23BBE67-0052-4E20-80AF-565A6BA49EE8}"
EndProject
Project("{FAE04EC0-301F-11D3-BF4B-00C04F79EFBC}") = "PushHub", "PushHub\PushHub.csproj", "{BE479588-96D2-4EBC-9F57-03E6B0BF4D55}"
EndProject
Project("{FAE04EC0-301F-11D3-BF4B-00C04F79EFBC}") = "PushHub.Tests", "PushHub.Tests\PushHub.Tests.csproj", "{88B6BD2F-A5A8-406C-A563-7C730675A67C}"
EndProject
Project("{FAE04EC0-301F-11D3-BF4B-00C04F79EFBC}") = "PushHub.SelfHosted", "PushHub.SelfHosted\PushHub.SelfHosted.csproj", "{35460AA4-B94A-4B64-9418-7243EC3D2F01}"
EndProject
Global
	GlobalSection(SolutionConfigurationPlatforms) = preSolution
		Debug|Any CPU = Debug|Any CPU
		Release|Any CPU = Release|Any CPU
	EndGlobalSection
	GlobalSection(ProjectConfigurationPlatforms) = postSolution
		{8AD770B0-AEAC-4602-ADB7-B5421F8E3888}.Debug|Any CPU.ActiveCfg = Debug|Any CPU
		{8AD770B0-AEAC-4602-ADB7-B5421F8E3888}.Debug|Any CPU.Build.0 = Debug|Any CPU
		{8AD770B0-AEAC-4602-ADB7-B5421F8E3888}.Release|Any CPU.ActiveCfg = Release|Any CPU
		{8AD770B0-AEAC-4602-ADB7-B5421F8E3888}.Release|Any CPU.Build.0 = Release|Any CPU
		{C14F0D16-7086-47C3-A533-2D38F859835F}.Debug|Any CPU.ActiveCfg = Debug|Any CPU
		{C14F0D16-7086-47C3-A533-2D38F859835F}.Debug|Any CPU.Build.0 = Debug|Any CPU
		{C14F0D16-7086-47C3-A533-2D38F859835F}.Release|Any CPU.ActiveCfg = Release|Any CPU
		{C14F0D16-7086-47C3-A533-2D38F859835F}.Release|Any CPU.Build.0 = Release|Any CPU
		{5F8F0A7F-CE00-419D-932B-FE4099F3659D}.Debug|Any CPU.ActiveCfg = Debug|Any CPU
		{5F8F0A7F-CE00-419D-932B-FE4099F3659D}.Debug|Any CPU.Build.0 = Debug|Any CPU
		{5F8F0A7F-CE00-419D-932B-FE4099F3659D}.Release|Any CPU.ActiveCfg = Release|Any CPU
		{5F8F0A7F-CE00-419D-932B-FE4099F3659D}.Release|Any CPU.Build.0 = Release|Any CPU
		{0AC97F6C-0048-4F5B-8A97-AD834920C349}.Debug|Any CPU.ActiveCfg = Debug|Any CPU
		{0AC97F6C-0048-4F5B-8A97-AD834920C349}.Debug|Any CPU.Build.0 = Debug|Any CPU
		{0AC97F6C-0048-4F5B-8A97-AD834920C349}.Release|Any CPU.ActiveCfg = Release|Any CPU
		{0AC97F6C-0048-4F5B-8A97-AD834920C349}.Release|Any CPU.Build.0 = Release|Any CPU
		{8FC5F15C-359E-46D6-B378-D37E469400C9}.Debug|Any CPU.ActiveCfg = Debug|Any CPU
		{8FC5F15C-359E-46D6-B378-D37E469400C9}.Debug|Any CPU.Build.0 = Debug|Any CPU
		{8FC5F15C-359E-46D6-B378-D37E469400C9}.Release|Any CPU.ActiveCfg = Release|Any CPU
		{8FC5F15C-359E-46D6-B378-D37E469400C9}.Release|Any CPU.Build.0 = Release|Any CPU
		{D23BBE67-0052-4E20-80AF-565A6BA49EE8}.Debug|Any CPU.ActiveCfg = Debug|Any CPU
		{D23BBE67-0052-4E20-80AF-565A6BA49EE8}.Debug|Any CPU.Build.0 = Debug|Any CPU
		{D23BBE67-0052-4E20-80AF-565A6BA49EE8}.Release|Any CPU.ActiveCfg = Release|Any CPU
		{D23BBE67-0052-4E20-80AF-565A6BA49EE8}.Release|Any CPU.Build.0 = Release|Any CPU
		{BE479588-96D2-4EBC-9F57-03E6B0BF4D55}.Debug|Any CPU.ActiveCfg = Debug|Any CPU
		{BE479588-96D2-4EBC-9F57-03E6B0BF4D55}.Debug|Any CPU.Build.0 = Debug|Any CPU
		{BE479588-96D2-4EBC-9F57-03E6B0BF4D55}.Release|Any CPU.ActiveCfg = Release|Any CPU
		{BE479588-96D2-4EBC-9F57-03E6B0BF4D55}.Release|Any CPU.Build.0 = Release|Any CPU
		{88B6BD2F-A5A8-406C-A563-7C730675A67C}.Debug|Any CPU.ActiveCfg = Debug|Any CPU
		{88B6BD2F-A5A8-406C-A563-7C730675A67C}.Debug|Any CPU.Build.0 = Debug|Any CPU
		{88B6BD2F-A5A8-406C-A563-7C730675A67C}.Release|Any CPU.ActiveCfg = Release|Any CPU
		{88B6BD2F-A5A8-406C-A563-7C730675A67C}.Release|Any CPU.Build.0 = Release|Any CPU
		{35460AA4-B94A-4B64-9418-7243EC3D2F01}.Debug|Any CPU.ActiveCfg = Debug|Any CPU
		{35460AA4-B94A-4B64-9418-7243EC3D2F01}.Debug|Any CPU.Build.0 = Debug|Any CPU
		{35460AA4-B94A-4B64-9418-7243EC3D2F01}.Release|Any CPU.ActiveCfg = Release|Any CPU
		{35460AA4-B94A-4B64-9418-7243EC3D2F01}.Release|Any CPU.Build.0 = Release|Any CPU
	EndGlobalSection
	GlobalSection(SolutionProperties) = preSolution
		HideSolutionNode = FALSE
	EndGlobalSection
EndGlobal
