
Microsoft Visual Studio Solution File, Format Version 12.00
# Visual Studio 2012
Project("{FAE04EC0-301F-11D3-BF4B-00C04F79EFBC}") = "UserService.Api", "UserService.Api\UserService.Api.csproj", "{8AD770B0-AEAC-4602-ADB7-B5421F8E3888}"
EndProject
Project("{FAE04EC0-301F-11D3-BF4B-00C04F79EFBC}") = "UserService.DomainModel", "UserService.DomainModel\UserService.DomainModel.csproj", "{C14F0D16-7086-47C3-A533-2D38F859835F}"
EndProject
Project("{FAE04EC0-301F-11D3-BF4B-00C04F79EFBC}") = "UserService.DomainModel.Tests", "UserService.DomainModel.Tests\UserService.DomainModel.Tests.csproj", "{5F8F0A7F-CE00-419D-932B-FE4099F3659D}"
EndProject
Global
	GlobalSection(SolutionConfigurationPlatforms) = preSolution
		Debug|Any CPU = Debug|Any CPU
		Release|Any CPU = Release|Any CPU
	EndGlobalSection
	GlobalSection(ProjectConfigurationPlatforms) = postSolution
		{8AD770B0-AEAC-4602-ADB7-B5421F8E3888}.Debug|Any CPU.ActiveCfg = Debug|Any CPU
		{8AD770B0-AEAC-4602-ADB7-B5421F8E3888}.Debug|Any CPU.Build.0 = Debug|Any CPU
		{8AD770B0-AEAC-4602-ADB7-B5421F8E3888}.Release|Any CPU.ActiveCfg = Release|Any CPU
		{8AD770B0-AEAC-4602-ADB7-B5421F8E3888}.Release|Any CPU.Build.0 = Release|Any CPU
		{C14F0D16-7086-47C3-A533-2D38F859835F}.Debug|Any CPU.ActiveCfg = Debug|Any CPU
		{C14F0D16-7086-47C3-A533-2D38F859835F}.Debug|Any CPU.Build.0 = Debug|Any CPU
		{C14F0D16-7086-47C3-A533-2D38F859835F}.Release|Any CPU.ActiveCfg = Release|Any CPU
		{C14F0D16-7086-47C3-A533-2D38F859835F}.Release|Any CPU.Build.0 = Release|Any CPU
		{5F8F0A7F-CE00-419D-932B-FE4099F3659D}.Debug|Any CPU.ActiveCfg = Debug|Any CPU
		{5F8F0A7F-CE00-419D-932B-FE4099F3659D}.Debug|Any CPU.Build.0 = Debug|Any CPU
		{5F8F0A7F-CE00-419D-932B-FE4099F3659D}.Release|Any CPU.ActiveCfg = Release|Any CPU
		{5F8F0A7F-CE00-419D-932B-FE4099F3659D}.Release|Any CPU.Build.0 = Release|Any CPU
	EndGlobalSection
	GlobalSection(SolutionProperties) = preSolution
		HideSolutionNode = FALSE
	EndGlobalSection
EndGlobal
